
Microsoft Visual Studio Solution File, Format Version 12.00
# Visual Studio Version 16
VisualStudioVersion = 16.0.810.14
MinimumVisualStudioVersion = 10.0.40219.1
Project("{FAE04EC0-301F-11D3-BF4B-00C04F79EFBC}") = "APS_RazorMovies", "APS_RazorMovies\APS_RazorMovies.csproj", "{361FD87E-4F3A-495D-B2C2-46A8DD8D0448}"
EndProject
Global
	GlobalSection(SolutionConfigurationPlatforms) = preSolution
		Debug|Any CPU = Debug|Any CPU
		Release|Any CPU = Release|Any CPU
	EndGlobalSection
	GlobalSection(ProjectConfigurationPlatforms) = postSolution
		{361FD87E-4F3A-495D-B2C2-46A8DD8D0448}.Debug|Any CPU.ActiveCfg = Debug|Any CPU
		{361FD87E-4F3A-495D-B2C2-46A8DD8D0448}.Debug|Any CPU.Build.0 = Debug|Any CPU
		{361FD87E-4F3A-495D-B2C2-46A8DD8D0448}.Release|Any CPU.ActiveCfg = Release|Any CPU
		{361FD87E-4F3A-495D-B2C2-46A8DD8D0448}.Release|Any CPU.Build.0 = Release|Any CPU
	EndGlobalSection
	GlobalSection(SolutionProperties) = preSolution
		HideSolutionNode = FALSE
	EndGlobalSection
	GlobalSection(ExtensibilityGlobals) = postSolution
		SolutionGuid = {689F47E8-2186-4A04-881C-3F6F84444D5C}
	EndGlobalSection
EndGlobal
