
Microsoft Visual Studio Solution File, Format Version 12.00
# Visual Studio Version 16
VisualStudioVersion = 16.0.810.11
MinimumVisualStudioVersion = 10.0.40219.1
Project("{FAE04EC0-301F-11D3-BF4B-00C04F79EFBC}") = "ASP-MVC-Movies", "ASP-MVC-Movies\ASP-MVC-Movies.csproj", "{35F49765-B687-45FF-A737-8A5A9BE667B4}"
EndProject
Global
	GlobalSection(SolutionConfigurationPlatforms) = preSolution
		Debug|Any CPU = Debug|Any CPU
		Release|Any CPU = Release|Any CPU
	EndGlobalSection
	GlobalSection(ProjectConfigurationPlatforms) = postSolution
		{35F49765-B687-45FF-A737-8A5A9BE667B4}.Debug|Any CPU.ActiveCfg = Debug|Any CPU
		{35F49765-B687-45FF-A737-8A5A9BE667B4}.Debug|Any CPU.Build.0 = Debug|Any CPU
		{35F49765-B687-45FF-A737-8A5A9BE667B4}.Release|Any CPU.ActiveCfg = Release|Any CPU
		{35F49765-B687-45FF-A737-8A5A9BE667B4}.Release|Any CPU.Build.0 = Release|Any CPU
	EndGlobalSection
	GlobalSection(SolutionProperties) = preSolution
		HideSolutionNode = FALSE
	EndGlobalSection
	GlobalSection(ExtensibilityGlobals) = postSolution
		SolutionGuid = {1AC978E5-44BA-4F49-865B-6BD054111DB7}
	EndGlobalSection
EndGlobal
